github.com/costinm/meshauth v0.0.0-20221013185453-bb5aae6632f8 h1:zbD0YFDuHT7sGIArThlyao8tYUloyyhJYKaP1eVlDz8=
github.com/costinm/meshauth v0.0.0-20221013185453-bb5aae6632f8/go.mod h1:EFhtAAQPQu7Io8m/TO5Ck86sr8xfcyb4gYMUug+CKFo=
golang.org/x/sys v0.0.0-20220926163933-8cfa568d3c25 h1:nwzwVf0l2Y/lkov/+IYgMMbFyI+QypZDds9RxlSmsFQ=
golang.org/x/sys v0.0.0-20220926163933-8cfa568d3c25/go.mod h1:oPkhp1MJrh7nUepCBck5+mAzfO9JrbApNNgaTdGDITg=
